
Microsoft Visual Studio Solution File, Format Version 12.00
# Visual Studio Version 17
VisualStudioVersion = 17.8.34511.84
MinimumVisualStudioVersion = 10.0.40219.1
Project("{FAE04EC0-301F-11D3-BF4B-00C04F79EFBC}") = "Hendel_copy", "Hendel_copy\Hendel_copy.csproj", "{8C690B16-3D56-4A63-885E-46C439381AFA}"
EndProject
Project("{FAE04EC0-301F-11D3-BF4B-00C04F79EFBC}") = "Hendel.DAL_copy", "Hendel.DAL_copy\Hendel.DAL_copy.csproj", "{394CE887-1FAC-49EE-88BA-A4A1C7C1A350}"
EndProject
Global
	GlobalSection(SolutionConfigurationPlatforms) = preSolution
		Debug|Any CPU = Debug|Any CPU
		Release|Any CPU = Release|Any CPU
	EndGlobalSection
	GlobalSection(ProjectConfigurationPlatforms) = postSolution
		{8C690B16-3D56-4A63-885E-46C439381AFA}.Debug|Any CPU.ActiveCfg = Debug|Any CPU
		{8C690B16-3D56-4A63-885E-46C439381AFA}.Debug|Any CPU.Build.0 = Debug|Any CPU
		{8C690B16-3D56-4A63-885E-46C439381AFA}.Release|Any CPU.ActiveCfg = Release|Any CPU
		{8C690B16-3D56-4A63-885E-46C439381AFA}.Release|Any CPU.Build.0 = Release|Any CPU
		{394CE887-1FAC-49EE-88BA-A4A1C7C1A350}.Debug|Any CPU.ActiveCfg = Debug|Any CPU
		{394CE887-1FAC-49EE-88BA-A4A1C7C1A350}.Debug|Any CPU.Build.0 = Debug|Any CPU
		{394CE887-1FAC-49EE-88BA-A4A1C7C1A350}.Release|Any CPU.ActiveCfg = Release|Any CPU
		{394CE887-1FAC-49EE-88BA-A4A1C7C1A350}.Release|Any CPU.Build.0 = Release|Any CPU
	EndGlobalSection
	GlobalSection(SolutionProperties) = preSolution
		HideSolutionNode = FALSE
	EndGlobalSection
	GlobalSection(ExtensibilityGlobals) = postSolution
		SolutionGuid = {B15559AE-6F6D-4B31-9D2D-7FA1589B3BBC}
	EndGlobalSection
EndGlobal
